
Microsoft Visual Studio Solution File, Format Version 12.00
# Visual Studio Version 17
VisualStudioVersion = 17.11.0.0
MinimumVisualStudioVersion = 10.0.40219.1
Project("{9A19103F-16F7-4668-BE54-9A1E7A4F7556}") = "WinForge", "WinForge.csproj", "{9AB01677-DDD1-4B58-B9AA-AAF426EF6C2C}"
EndProject
Project("{9A19103F-16F7-4668-BE54-9A1E7A4F7556}") = "WinForgeLauncher", "launcher\WinForgeLauncher.csproj", "{BE368CF8-55BE-4C9F-9487-C28E752E2A2D}"
EndProject
Project("{9A19103F-16F7-4668-BE54-9A1E7A4F7556}") = "CompanionBuildLog.Tests", "tests\CompanionBuildLog.Tests\CompanionBuildLog.Tests.csproj", "{B5D4C5A4-7B9C-4D2A-9A12-35A5DDA2AA73}"
EndProject
Project("{9A19103F-16F7-4668-BE54-9A1E7A4F7556}") = "PackageManagerCore.Tests", "tests\PackageManagerCore.Tests\PackageManagerCore.Tests.csproj", "{D7E3C944-31CB-4A2B-9F9E-6B2A2DCC83A7}"
EndProject
Project("{9A19103F-16F7-4668-BE54-9A1E7A4F7556}") = "RustDeskInstaller.Tests", "tests\RustDeskInstaller.Tests\RustDeskInstaller.Tests.csproj", "{4D7B9F2A-8E5C-4A4C-A4FC-23B2F5A8E9C7}"
EndProject
Project("{9A19103F-16F7-4668-BE54-9A1E7A4F7556}") = "PumpedHydroService.Tests", "tests\PumpedHydroService.Tests\PumpedHydroService.Tests.csproj", "{BA91DD14-9A4F-4C14-A0B0-4970A28292DE}"
EndProject
Project("{9A19103F-16F7-4668-BE54-9A1E7A4F7556}") = "BinaryTextCore.Tests", "tests\BinaryTextCore.Tests\BinaryTextCore.Tests.csproj", "{B3C6AC14-F1E1-4667-8CFA-A93A1BC445AE}"
EndProject
Project("{9A19103F-16F7-4668-BE54-9A1E7A4F7556}") = "CaseConvertCore.Tests", "tests\CaseConvertCore.Tests\CaseConvertCore.Tests.csproj", "{298D207A-6785-4489-8188-AF7EED5D534D}"
EndProject
Project("{2150E333-8FDC-42A3-9474-1A3956D46DE8}") = "tests", "tests", "{0AB3BF05-4346-4AA6-1389-037BE0695223}"
EndProject
Project("{FAE04EC0-301F-11D3-BF4B-00C04F79EFBC}") = "DewEncryption.Tests", "tests\DewEncryption.Tests\DewEncryption.Tests.csproj", "{A0BF3852-7E79-477E-8622-D5B6764ADBCA}"
EndProject
Project("{FAE04EC0-301F-11D3-BF4B-00C04F79EFBC}") = "BrowserControl.Tests", "tests\BrowserControl.Tests\BrowserControl.Tests.csproj", "{85ACCEAE-7CC8-427B-A216-638CF4328475}"
EndProject
Project("{FAE04EC0-301F-11D3-BF4B-00C04F79EFBC}") = "MediaWorkflowCore.Tests", "tests\MediaWorkflowCore.Tests\MediaWorkflowCore.Tests.csproj", "{6CBA1D39-5C1B-476D-8C3D-FB70F1D9D717}"
EndProject
Project("{FAE04EC0-301F-11D3-BF4B-00C04F79EFBC}") = "RegexBuilder.Tests", "tests\RegexBuilder.Tests\RegexBuilder.Tests.csproj", "{FA0E1F6D-2997-49B6-B3A7-7F67D9CA215B}"
EndProject
Project("{FAE04EC0-301F-11D3-BF4B-00C04F79EFBC}") = "SystemMaintenanceCore.Tests", "tests\SystemMaintenanceCore.Tests\SystemMaintenanceCore.Tests.csproj", "{56BFCD8F-7455-4DB5-958D-08441F2AC006}"
EndProject
Project("{FAE04EC0-301F-11D3-BF4B-00C04F79EFBC}") = "RoadmapWorkflowCore.Tests", "tests\RoadmapWorkflowCore.Tests\RoadmapWorkflowCore.Tests.csproj", "{48E116EA-A543-4FFC-BDDF-E2ED475B82D7}"
EndProject
Project("{FAE04EC0-301F-11D3-BF4B-00C04F79EFBC}") = "ManagedReleaseContract.Tests", "tests\ManagedReleaseContract.Tests\ManagedReleaseContract.Tests.csproj", "{29E22BEF-4C39-4B6C-8B4C-AD6F0E80C369}"
EndProject
Project("{FAE04EC0-301F-11D3-BF4B-00C04F79EFBC}") = "NotificationCenter.Tests", "tests\NotificationCenter.Tests\NotificationCenter.Tests.csproj", "{3E52A1AD-51E4-4501-957D-53AFFBBB50BE}"
EndProject
Project("{FAE04EC0-301F-11D3-BF4B-00C04F79EFBC}") = "SupportTickets.Tests", "tests\SupportTickets.Tests\SupportTickets.Tests.csproj", "{0E8B21B5-BF33-46CF-843D-5613A242847B}"
EndProject
Project("{FAE04EC0-301F-11D3-BF4B-00C04F79EFBC}") = "ScheduledSettings.Tests", "tests\ScheduledSettings.Tests\ScheduledSettings.Tests.csproj", "{3115A6D3-A003-4027-B3B3-9756DD1BF103}"
EndProject
Project("{FAE04EC0-301F-11D3-BF4B-00C04F79EFBC}") = "TotpAuthenticator.Tests", "tests\TotpAuthenticator.Tests\TotpAuthenticator.Tests.csproj", "{E1782189-DEB4-4ED4-9280-7CF62222CFCE}"
EndProject
Project("{FAE04EC0-301F-11D3-BF4B-00C04F79EFBC}") = "OfflineDocs.Tests", "tests\OfflineDocs.Tests\OfflineDocs.Tests.csproj", "{A7BCF1E2-7CDE-4B0C-9E61-5E0A6D1F70B2}"
EndProject
Project("{FAE04EC0-301F-11D3-BF4B-00C04F79EFBC}") = "DimSumSurprise.Tests", "tests\DimSumSurprise.Tests\DimSumSurprise.Tests.csproj", "{D49609A6-8D96-4F42-A211-DF44E117D4D1}"
EndProject
Global
	GlobalSection(SolutionConfigurationPlatforms) = preSolution
		Debug|x64 = Debug|x64
		Debug|x86 = Debug|x86
		Debug|ARM64 = Debug|ARM64
		Debug|Any CPU = Debug|Any CPU
		Release|x64 = Release|x64
		Release|x86 = Release|x86
		Release|ARM64 = Release|ARM64
		Release|Any CPU = Release|Any CPU
	EndGlobalSection
	GlobalSection(ProjectConfigurationPlatforms) = postSolution
		{9AB01677-DDD1-4B58-B9AA-AAF426EF6C2C}.Debug|x64.ActiveCfg = Debug|x64
		{9AB01677-DDD1-4B58-B9AA-AAF426EF6C2C}.Debug|x64.Build.0 = Debug|x64
		{9AB01677-DDD1-4B58-B9AA-AAF426EF6C2C}.Debug|x86.ActiveCfg = Debug|x86
		{9AB01677-DDD1-4B58-B9AA-AAF426EF6C2C}.Debug|x86.Build.0 = Debug|x86
		{9AB01677-DDD1-4B58-B9AA-AAF426EF6C2C}.Debug|ARM64.ActiveCfg = Debug|ARM64
		{9AB01677-DDD1-4B58-B9AA-AAF426EF6C2C}.Debug|ARM64.Build.0 = Debug|ARM64
		{9AB01677-DDD1-4B58-B9AA-AAF426EF6C2C}.Debug|Any CPU.ActiveCfg = Debug|Any CPU
		{9AB01677-DDD1-4B58-B9AA-AAF426EF6C2C}.Debug|Any CPU.Build.0 = Debug|Any CPU
		{9AB01677-DDD1-4B58-B9AA-AAF426EF6C2C}.Release|x64.ActiveCfg = Release|x64
		{9AB01677-DDD1-4B58-B9AA-AAF426EF6C2C}.Release|x64.Build.0 = Release|x64
		{9AB01677-DDD1-4B58-B9AA-AAF426EF6C2C}.Release|x86.ActiveCfg = Release|x86
		{9AB01677-DDD1-4B58-B9AA-AAF426EF6C2C}.Release|x86.Build.0 = Release|x86
		{9AB01677-DDD1-4B58-B9AA-AAF426EF6C2C}.Release|ARM64.ActiveCfg = Release|ARM64
		{9AB01677-DDD1-4B58-B9AA-AAF426EF6C2C}.Release|ARM64.Build.0 = Release|ARM64
		{9AB01677-DDD1-4B58-B9AA-AAF426EF6C2C}.Release|Any CPU.ActiveCfg = Release|Any CPU
		{9AB01677-DDD1-4B58-B9AA-AAF426EF6C2C}.Release|Any CPU.Build.0 = Release|Any CPU
		{BE368CF8-55BE-4C9F-9487-C28E752E2A2D}.Debug|x64.ActiveCfg = Debug|Any CPU
		{BE368CF8-55BE-4C9F-9487-C28E752E2A2D}.Debug|x64.Build.0 = Debug|Any CPU
		{BE368CF8-55BE-4C9F-9487-C28E752E2A2D}.Debug|x86.ActiveCfg = Debug|Any CPU
		{BE368CF8-55BE-4C9F-9487-C28E752E2A2D}.Debug|x86.Build.0 = Debug|Any CPU
		{BE368CF8-55BE-4C9F-9487-C28E752E2A2D}.Debug|ARM64.ActiveCfg = Debug|Any CPU
		{BE368CF8-55BE-4C9F-9487-C28E752E2A2D}.Debug|ARM64.Build.0 = Debug|Any CPU
		{BE368CF8-55BE-4C9F-9487-C28E752E2A2D}.Debug|Any CPU.ActiveCfg = Debug|Any CPU
		{BE368CF8-55BE-4C9F-9487-C28E752E2A2D}.Debug|Any CPU.Build.0 = Debug|Any CPU
		{BE368CF8-55BE-4C9F-9487-C28E752E2A2D}.Release|x64.ActiveCfg = Release|Any CPU
		{BE368CF8-55BE-4C9F-9487-C28E752E2A2D}.Release|x64.Build.0 = Release|Any CPU
		{BE368CF8-55BE-4C9F-9487-C28E752E2A2D}.Release|x86.ActiveCfg = Release|Any CPU
		{BE368CF8-55BE-4C9F-9487-C28E752E2A2D}.Release|x86.Build.0 = Release|Any CPU
		{BE368CF8-55BE-4C9F-9487-C28E752E2A2D}.Release|ARM64.ActiveCfg = Release|Any CPU
		{BE368CF8-55BE-4C9F-9487-C28E752E2A2D}.Release|ARM64.Build.0 = Release|Any CPU
		{BE368CF8-55BE-4C9F-9487-C28E752E2A2D}.Release|Any CPU.ActiveCfg = Release|Any CPU
		{BE368CF8-55BE-4C9F-9487-C28E752E2A2D}.Release|Any CPU.Build.0 = Release|Any CPU
		{B5D4C5A4-7B9C-4D2A-9A12-35A5DDA2AA73}.Debug|x64.ActiveCfg = Debug|Any CPU
		{B5D4C5A4-7B9C-4D2A-9A12-35A5DDA2AA73}.Debug|x64.Build.0 = Debug|Any CPU
		{B5D4C5A4-7B9C-4D2A-9A12-35A5DDA2AA73}.Debug|x86.ActiveCfg = Debug|Any CPU
		{B5D4C5A4-7B9C-4D2A-9A12-35A5DDA2AA73}.Debug|x86.Build.0 = Debug|Any CPU
		{B5D4C5A4-7B9C-4D2A-9A12-35A5DDA2AA73}.Debug|ARM64.ActiveCfg = Debug|Any CPU
		{B5D4C5A4-7B9C-4D2A-9A12-35A5DDA2AA73}.Debug|ARM64.Build.0 = Debug|Any CPU
		{B5D4C5A4-7B9C-4D2A-9A12-35A5DDA2AA73}.Debug|Any CPU.ActiveCfg = Debug|Any CPU
		{B5D4C5A4-7B9C-4D2A-9A12-35A5DDA2AA73}.Debug|Any CPU.Build.0 = Debug|Any CPU
		{B5D4C5A4-7B9C-4D2A-9A12-35A5DDA2AA73}.Release|x64.ActiveCfg = Release|Any CPU
		{B5D4C5A4-7B9C-4D2A-9A12-35A5DDA2AA73}.Release|x64.Build.0 = Release|Any CPU
		{B5D4C5A4-7B9C-4D2A-9A12-35A5DDA2AA73}.Release|x86.ActiveCfg = Release|Any CPU
		{B5D4C5A4-7B9C-4D2A-9A12-35A5DDA2AA73}.Release|x86.Build.0 = Release|Any CPU
		{B5D4C5A4-7B9C-4D2A-9A12-35A5DDA2AA73}.Release|ARM64.ActiveCfg = Release|Any CPU
		{B5D4C5A4-7B9C-4D2A-9A12-35A5DDA2AA73}.Release|ARM64.Build.0 = Release|Any CPU
		{B5D4C5A4-7B9C-4D2A-9A12-35A5DDA2AA73}.Release|Any CPU.ActiveCfg = Release|Any CPU
		{B5D4C5A4-7B9C-4D2A-9A12-35A5DDA2AA73}.Release|Any CPU.Build.0 = Release|Any CPU
		{D7E3C944-31CB-4A2B-9F9E-6B2A2DCC83A7}.Debug|x64.ActiveCfg = Debug|Any CPU
		{D7E3C944-31CB-4A2B-9F9E-6B2A2DCC83A7}.Debug|x64.Build.0 = Debug|Any CPU
		{D7E3C944-31CB-4A2B-9F9E-6B2A2DCC83A7}.Debug|x86.ActiveCfg = Debug|Any CPU
		{D7E3C944-31CB-4A2B-9F9E-6B2A2DCC83A7}.Debug|x86.Build.0 = Debug|Any CPU
		{D7E3C944-31CB-4A2B-9F9E-6B2A2DCC83A7}.Debug|ARM64.ActiveCfg = Debug|Any CPU
		{D7E3C944-31CB-4A2B-9F9E-6B2A2DCC83A7}.Debug|ARM64.Build.0 = Debug|Any CPU
		{D7E3C944-31CB-4A2B-9F9E-6B2A2DCC83A7}.Debug|Any CPU.ActiveCfg = Debug|Any CPU
		{D7E3C944-31CB-4A2B-9F9E-6B2A2DCC83A7}.Debug|Any CPU.Build.0 = Debug|Any CPU
		{D7E3C944-31CB-4A2B-9F9E-6B2A2DCC83A7}.Release|x64.ActiveCfg = Release|Any CPU
		{D7E3C944-31CB-4A2B-9F9E-6B2A2DCC83A7}.Release|x64.Build.0 = Release|Any CPU
		{D7E3C944-31CB-4A2B-9F9E-6B2A2DCC83A7}.Release|x86.ActiveCfg = Release|Any CPU
		{D7E3C944-31CB-4A2B-9F9E-6B2A2DCC83A7}.Release|x86.Build.0 = Release|Any CPU
		{D7E3C944-31CB-4A2B-9F9E-6B2A2DCC83A7}.Release|ARM64.ActiveCfg = Release|Any CPU
		{D7E3C944-31CB-4A2B-9F9E-6B2A2DCC83A7}.Release|ARM64.Build.0 = Release|Any CPU
		{D7E3C944-31CB-4A2B-9F9E-6B2A2DCC83A7}.Release|Any CPU.ActiveCfg = Release|Any CPU
		{D7E3C944-31CB-4A2B-9F9E-6B2A2DCC83A7}.Release|Any CPU.Build.0 = Release|Any CPU
		{4D7B9F2A-8E5C-4A4C-A4FC-23B2F5A8E9C7}.Debug|x64.ActiveCfg = Debug|Any CPU
		{4D7B9F2A-8E5C-4A4C-A4FC-23B2F5A8E9C7}.Debug|x64.Build.0 = Debug|Any CPU
		{4D7B9F2A-8E5C-4A4C-A4FC-23B2F5A8E9C7}.Debug|x86.ActiveCfg = Debug|Any CPU
		{4D7B9F2A-8E5C-4A4C-A4FC-23B2F5A8E9C7}.Debug|x86.Build.0 = Debug|Any CPU
		{4D7B9F2A-8E5C-4A4C-A4FC-23B2F5A8E9C7}.Debug|ARM64.ActiveCfg = Debug|Any CPU
		{4D7B9F2A-8E5C-4A4C-A4FC-23B2F5A8E9C7}.Debug|ARM64.Build.0 = Debug|Any CPU
		{4D7B9F2A-8E5C-4A4C-A4FC-23B2F5A8E9C7}.Debug|Any CPU.ActiveCfg = Debug|Any CPU
		{4D7B9F2A-8E5C-4A4C-A4FC-23B2F5A8E9C7}.Debug|Any CPU.Build.0 = Debug|Any CPU
		{4D7B9F2A-8E5C-4A4C-A4FC-23B2F5A8E9C7}.Release|x64.ActiveCfg = Release|Any CPU
		{4D7B9F2A-8E5C-4A4C-A4FC-23B2F5A8E9C7}.Release|x64.Build.0 = Release|Any CPU
		{4D7B9F2A-8E5C-4A4C-A4FC-23B2F5A8E9C7}.Release|x86.ActiveCfg = Release|Any CPU
		{4D7B9F2A-8E5C-4A4C-A4FC-23B2F5A8E9C7}.Release|x86.Build.0 = Release|Any CPU
		{4D7B9F2A-8E5C-4A4C-A4FC-23B2F5A8E9C7}.Release|ARM64.ActiveCfg = Release|Any CPU
		{4D7B9F2A-8E5C-4A4C-A4FC-23B2F5A8E9C7}.Release|ARM64.Build.0 = Release|Any CPU
		{4D7B9F2A-8E5C-4A4C-A4FC-23B2F5A8E9C7}.Release|Any CPU.ActiveCfg = Release|Any CPU
		{4D7B9F2A-8E5C-4A4C-A4FC-23B2F5A8E9C7}.Release|Any CPU.Build.0 = Release|Any CPU
		{BA91DD14-9A4F-4C14-A0B0-4970A28292DE}.Debug|x64.ActiveCfg = Debug|Any CPU
		{BA91DD14-9A4F-4C14-A0B0-4970A28292DE}.Debug|x64.Build.0 = Debug|Any CPU
		{BA91DD14-9A4F-4C14-A0B0-4970A28292DE}.Debug|x86.ActiveCfg = Debug|Any CPU
		{BA91DD14-9A4F-4C14-A0B0-4970A28292DE}.Debug|x86.Build.0 = Debug|Any CPU
		{BA91DD14-9A4F-4C14-A0B0-4970A28292DE}.Debug|ARM64.ActiveCfg = Debug|Any CPU
		{BA91DD14-9A4F-4C14-A0B0-4970A28292DE}.Debug|ARM64.Build.0 = Debug|Any CPU
		{BA91DD14-9A4F-4C14-A0B0-4970A28292DE}.Debug|Any CPU.ActiveCfg = Debug|Any CPU
		{BA91DD14-9A4F-4C14-A0B0-4970A28292DE}.Debug|Any CPU.Build.0 = Debug|Any CPU
		{BA91DD14-9A4F-4C14-A0B0-4970A28292DE}.Release|x64.ActiveCfg = Release|Any CPU
		{BA91DD14-9A4F-4C14-A0B0-4970A28292DE}.Release|x64.Build.0 = Release|Any CPU
		{BA91DD14-9A4F-4C14-A0B0-4970A28292DE}.Release|x86.ActiveCfg = Release|Any CPU
		{BA91DD14-9A4F-4C14-A0B0-4970A28292DE}.Release|x86.Build.0 = Release|Any CPU
		{BA91DD14-9A4F-4C14-A0B0-4970A28292DE}.Release|ARM64.ActiveCfg = Release|Any CPU
		{BA91DD14-9A4F-4C14-A0B0-4970A28292DE}.Release|ARM64.Build.0 = Release|Any CPU
		{BA91DD14-9A4F-4C14-A0B0-4970A28292DE}.Release|Any CPU.ActiveCfg = Release|Any CPU
		{BA91DD14-9A4F-4C14-A0B0-4970A28292DE}.Release|Any CPU.Build.0 = Release|Any CPU
		{B3C6AC14-F1E1-4667-8CFA-A93A1BC445AE}.Debug|x64.ActiveCfg = Debug|Any CPU
		{B3C6AC14-F1E1-4667-8CFA-A93A1BC445AE}.Debug|x64.Build.0 = Debug|Any CPU
		{B3C6AC14-F1E1-4667-8CFA-A93A1BC445AE}.Debug|x86.ActiveCfg = Debug|Any CPU
		{B3C6AC14-F1E1-4667-8CFA-A93A1BC445AE}.Debug|x86.Build.0 = Debug|Any CPU
		{B3C6AC14-F1E1-4667-8CFA-A93A1BC445AE}.Debug|ARM64.ActiveCfg = Debug|Any CPU
		{B3C6AC14-F1E1-4667-8CFA-A93A1BC445AE}.Debug|ARM64.Build.0 = Debug|Any CPU
		{B3C6AC14-F1E1-4667-8CFA-A93A1BC445AE}.Debug|Any CPU.ActiveCfg = Debug|Any CPU
		{B3C6AC14-F1E1-4667-8CFA-A93A1BC445AE}.Debug|Any CPU.Build.0 = Debug|Any CPU
		{B3C6AC14-F1E1-4667-8CFA-A93A1BC445AE}.Release|x64.ActiveCfg = Release|Any CPU
		{B3C6AC14-F1E1-4667-8CFA-A93A1BC445AE}.Release|x64.Build.0 = Release|Any CPU
		{B3C6AC14-F1E1-4667-8CFA-A93A1BC445AE}.Release|x86.ActiveCfg = Release|Any CPU
		{B3C6AC14-F1E1-4667-8CFA-A93A1BC445AE}.Release|x86.Build.0 = Release|Any CPU
		{B3C6AC14-F1E1-4667-8CFA-A93A1BC445AE}.Release|ARM64.ActiveCfg = Release|Any CPU
		{B3C6AC14-F1E1-4667-8CFA-A93A1BC445AE}.Release|ARM64.Build.0 = Release|Any CPU
		{B3C6AC14-F1E1-4667-8CFA-A93A1BC445AE}.Release|Any CPU.ActiveCfg = Release|Any CPU
		{B3C6AC14-F1E1-4667-8CFA-A93A1BC445AE}.Release|Any CPU.Build.0 = Release|Any CPU
		{298D207A-6785-4489-8188-AF7EED5D534D}.Debug|x64.ActiveCfg = Debug|Any CPU
		{298D207A-6785-4489-8188-AF7EED5D534D}.Debug|x64.Build.0 = Debug|Any CPU
		{298D207A-6785-4489-8188-AF7EED5D534D}.Debug|x86.ActiveCfg = Debug|Any CPU
		{298D207A-6785-4489-8188-AF7EED5D534D}.Debug|x86.Build.0 = Debug|Any CPU
		{298D207A-6785-4489-8188-AF7EED5D534D}.Debug|ARM64.ActiveCfg = Debug|Any CPU
		{298D207A-6785-4489-8188-AF7EED5D534D}.Debug|ARM64.Build.0 = Debug|Any CPU
		{298D207A-6785-4489-8188-AF7EED5D534D}.Debug|Any CPU.ActiveCfg = Debug|Any CPU
		{298D207A-6785-4489-8188-AF7EED5D534D}.Debug|Any CPU.Build.0 = Debug|Any CPU
		{298D207A-6785-4489-8188-AF7EED5D534D}.Release|x64.ActiveCfg = Release|Any CPU
		{298D207A-6785-4489-8188-AF7EED5D534D}.Release|x64.Build.0 = Release|Any CPU
		{298D207A-6785-4489-8188-AF7EED5D534D}.Release|x86.ActiveCfg = Release|Any CPU
		{298D207A-6785-4489-8188-AF7EED5D534D}.Release|x86.Build.0 = Release|Any CPU
		{298D207A-6785-4489-8188-AF7EED5D534D}.Release|ARM64.ActiveCfg = Release|Any CPU
		{298D207A-6785-4489-8188-AF7EED5D534D}.Release|ARM64.Build.0 = Release|Any CPU
		{298D207A-6785-4489-8188-AF7EED5D534D}.Release|Any CPU.ActiveCfg = Release|Any CPU
		{298D207A-6785-4489-8188-AF7EED5D534D}.Release|Any CPU.Build.0 = Release|Any CPU
		{A0BF3852-7E79-477E-8622-D5B6764ADBCA}.Debug|x64.ActiveCfg = Debug|Any CPU
		{A0BF3852-7E79-477E-8622-D5B6764ADBCA}.Debug|x64.Build.0 = Debug|Any CPU
		{A0BF3852-7E79-477E-8622-D5B6764ADBCA}.Debug|x86.ActiveCfg = Debug|Any CPU
		{A0BF3852-7E79-477E-8622-D5B6764ADBCA}.Debug|x86.Build.0 = Debug|Any CPU
		{A0BF3852-7E79-477E-8622-D5B6764ADBCA}.Debug|ARM64.ActiveCfg = Debug|Any CPU
		{A0BF3852-7E79-477E-8622-D5B6764ADBCA}.Debug|ARM64.Build.0 = Debug|Any CPU
		{A0BF3852-7E79-477E-8622-D5B6764ADBCA}.Debug|Any CPU.ActiveCfg = Debug|Any CPU
		{A0BF3852-7E79-477E-8622-D5B6764ADBCA}.Debug|Any CPU.Build.0 = Debug|Any CPU
		{A0BF3852-7E79-477E-8622-D5B6764ADBCA}.Release|x64.ActiveCfg = Release|Any CPU
		{A0BF3852-7E79-477E-8622-D5B6764ADBCA}.Release|x64.Build.0 = Release|Any CPU
		{A0BF3852-7E79-477E-8622-D5B6764ADBCA}.Release|x86.ActiveCfg = Release|Any CPU
		{A0BF3852-7E79-477E-8622-D5B6764ADBCA}.Release|x86.Build.0 = Release|Any CPU
		{A0BF3852-7E79-477E-8622-D5B6764ADBCA}.Release|ARM64.ActiveCfg = Release|Any CPU
		{A0BF3852-7E79-477E-8622-D5B6764ADBCA}.Release|ARM64.Build.0 = Release|Any CPU
		{A0BF3852-7E79-477E-8622-D5B6764ADBCA}.Release|Any CPU.ActiveCfg = Release|Any CPU
		{A0BF3852-7E79-477E-8622-D5B6764ADBCA}.Release|Any CPU.Build.0 = Release|Any CPU
		{85ACCEAE-7CC8-427B-A216-638CF4328475}.Debug|x64.ActiveCfg = Debug|Any CPU
		{85ACCEAE-7CC8-427B-A216-638CF4328475}.Debug|x64.Build.0 = Debug|Any CPU
		{85ACCEAE-7CC8-427B-A216-638CF4328475}.Debug|x86.ActiveCfg = Debug|Any CPU
		{85ACCEAE-7CC8-427B-A216-638CF4328475}.Debug|x86.Build.0 = Debug|Any CPU
		{85ACCEAE-7CC8-427B-A216-638CF4328475}.Debug|ARM64.ActiveCfg = Debug|Any CPU
		{85ACCEAE-7CC8-427B-A216-638CF4328475}.Debug|ARM64.Build.0 = Debug|Any CPU
		{85ACCEAE-7CC8-427B-A216-638CF4328475}.Debug|Any CPU.ActiveCfg = Debug|Any CPU
		{85ACCEAE-7CC8-427B-A216-638CF4328475}.Debug|Any CPU.Build.0 = Debug|Any CPU
		{85ACCEAE-7CC8-427B-A216-638CF4328475}.Release|x64.ActiveCfg = Release|Any CPU
		{85ACCEAE-7CC8-427B-A216-638CF4328475}.Release|x64.Build.0 = Release|Any CPU
		{85ACCEAE-7CC8-427B-A216-638CF4328475}.Release|x86.ActiveCfg = Release|Any CPU
		{85ACCEAE-7CC8-427B-A216-638CF4328475}.Release|x86.Build.0 = Release|Any CPU
		{85ACCEAE-7CC8-427B-A216-638CF4328475}.Release|ARM64.ActiveCfg = Release|Any CPU
		{85ACCEAE-7CC8-427B-A216-638CF4328475}.Release|ARM64.Build.0 = Release|Any CPU
		{85ACCEAE-7CC8-427B-A216-638CF4328475}.Release|Any CPU.ActiveCfg = Release|Any CPU
		{85ACCEAE-7CC8-427B-A216-638CF4328475}.Release|Any CPU.Build.0 = Release|Any CPU
		{6CBA1D39-5C1B-476D-8C3D-FB70F1D9D717}.Debug|x64.ActiveCfg = Debug|Any CPU
		{6CBA1D39-5C1B-476D-8C3D-FB70F1D9D717}.Debug|x64.Build.0 = Debug|Any CPU
		{6CBA1D39-5C1B-476D-8C3D-FB70F1D9D717}.Debug|x86.ActiveCfg = Debug|Any CPU
		{6CBA1D39-5C1B-476D-8C3D-FB70F1D9D717}.Debug|x86.Build.0 = Debug|Any CPU
		{6CBA1D39-5C1B-476D-8C3D-FB70F1D9D717}.Debug|ARM64.ActiveCfg = Debug|Any CPU
		{6CBA1D39-5C1B-476D-8C3D-FB70F1D9D717}.Debug|ARM64.Build.0 = Debug|Any CPU
		{6CBA1D39-5C1B-476D-8C3D-FB70F1D9D717}.Debug|Any CPU.ActiveCfg = Debug|Any CPU
		{6CBA1D39-5C1B-476D-8C3D-FB70F1D9D717}.Debug|Any CPU.Build.0 = Debug|Any CPU
		{6CBA1D39-5C1B-476D-8C3D-FB70F1D9D717}.Release|x64.ActiveCfg = Release|Any CPU
		{6CBA1D39-5C1B-476D-8C3D-FB70F1D9D717}.Release|x64.Build.0 = Release|Any CPU
		{6CBA1D39-5C1B-476D-8C3D-FB70F1D9D717}.Release|x86.ActiveCfg = Release|Any CPU
		{6CBA1D39-5C1B-476D-8C3D-FB70F1D9D717}.Release|x86.Build.0 = Release|Any CPU
		{6CBA1D39-5C1B-476D-8C3D-FB70F1D9D717}.Release|ARM64.ActiveCfg = Release|Any CPU
		{6CBA1D39-5C1B-476D-8C3D-FB70F1D9D717}.Release|ARM64.Build.0 = Release|Any CPU
		{6CBA1D39-5C1B-476D-8C3D-FB70F1D9D717}.Release|Any CPU.ActiveCfg = Release|Any CPU
		{6CBA1D39-5C1B-476D-8C3D-FB70F1D9D717}.Release|Any CPU.Build.0 = Release|Any CPU
		{FA0E1F6D-2997-49B6-B3A7-7F67D9CA215B}.Debug|x64.ActiveCfg = Debug|Any CPU
		{FA0E1F6D-2997-49B6-B3A7-7F67D9CA215B}.Debug|x64.Build.0 = Debug|Any CPU
		{FA0E1F6D-2997-49B6-B3A7-7F67D9CA215B}.Debug|x86.ActiveCfg = Debug|Any CPU
		{FA0E1F6D-2997-49B6-B3A7-7F67D9CA215B}.Debug|x86.Build.0 = Debug|Any CPU
		{FA0E1F6D-2997-49B6-B3A7-7F67D9CA215B}.Debug|ARM64.ActiveCfg = Debug|Any CPU
		{FA0E1F6D-2997-49B6-B3A7-7F67D9CA215B}.Debug|ARM64.Build.0 = Debug|Any CPU
		{FA0E1F6D-2997-49B6-B3A7-7F67D9CA215B}.Debug|Any CPU.ActiveCfg = Debug|Any CPU
		{FA0E1F6D-2997-49B6-B3A7-7F67D9CA215B}.Debug|Any CPU.Build.0 = Debug|Any CPU
		{FA0E1F6D-2997-49B6-B3A7-7F67D9CA215B}.Release|x64.ActiveCfg = Release|Any CPU
		{FA0E1F6D-2997-49B6-B3A7-7F67D9CA215B}.Release|x64.Build.0 = Release|Any CPU
		{FA0E1F6D-2997-49B6-B3A7-7F67D9CA215B}.Release|x86.ActiveCfg = Release|Any CPU
		{FA0E1F6D-2997-49B6-B3A7-7F67D9CA215B}.Release|x86.Build.0 = Release|Any CPU
		{FA0E1F6D-2997-49B6-B3A7-7F67D9CA215B}.Release|ARM64.ActiveCfg = Release|Any CPU
		{FA0E1F6D-2997-49B6-B3A7-7F67D9CA215B}.Release|ARM64.Build.0 = Release|Any CPU
		{FA0E1F6D-2997-49B6-B3A7-7F67D9CA215B}.Release|Any CPU.ActiveCfg = Release|Any CPU
		{FA0E1F6D-2997-49B6-B3A7-7F67D9CA215B}.Release|Any CPU.Build.0 = Release|Any CPU
		{56BFCD8F-7455-4DB5-958D-08441F2AC006}.Debug|x64.ActiveCfg = Debug|Any CPU
		{56BFCD8F-7455-4DB5-958D-08441F2AC006}.Debug|x64.Build.0 = Debug|Any CPU
		{56BFCD8F-7455-4DB5-958D-08441F2AC006}.Debug|x86.ActiveCfg = Debug|Any CPU
		{56BFCD8F-7455-4DB5-958D-08441F2AC006}.Debug|x86.Build.0 = Debug|Any CPU
		{56BFCD8F-7455-4DB5-958D-08441F2AC006}.Debug|ARM64.ActiveCfg = Debug|Any CPU
		{56BFCD8F-7455-4DB5-958D-08441F2AC006}.Debug|ARM64.Build.0 = Debug|Any CPU
		{56BFCD8F-7455-4DB5-958D-08441F2AC006}.Debug|Any CPU.ActiveCfg = Debug|Any CPU
		{56BFCD8F-7455-4DB5-958D-08441F2AC006}.Debug|Any CPU.Build.0 = Debug|Any CPU
		{56BFCD8F-7455-4DB5-958D-08441F2AC006}.Release|x64.ActiveCfg = Release|Any CPU
		{56BFCD8F-7455-4DB5-958D-08441F2AC006}.Release|x64.Build.0 = Release|Any CPU
		{56BFCD8F-7455-4DB5-958D-08441F2AC006}.Release|x86.ActiveCfg = Release|Any CPU
		{56BFCD8F-7455-4DB5-958D-08441F2AC006}.Release|x86.Build.0 = Release|Any CPU
		{56BFCD8F-7455-4DB5-958D-08441F2AC006}.Release|ARM64.ActiveCfg = Release|Any CPU
		{56BFCD8F-7455-4DB5-958D-08441F2AC006}.Release|ARM64.Build.0 = Release|Any CPU
		{56BFCD8F-7455-4DB5-958D-08441F2AC006}.Release|Any CPU.ActiveCfg = Release|Any CPU
		{56BFCD8F-7455-4DB5-958D-08441F2AC006}.Release|Any CPU.Build.0 = Release|Any CPU
		{48E116EA-A543-4FFC-BDDF-E2ED475B82D7}.Debug|x64.ActiveCfg = Debug|Any CPU
		{48E116EA-A543-4FFC-BDDF-E2ED475B82D7}.Debug|x64.Build.0 = Debug|Any CPU
		{48E116EA-A543-4FFC-BDDF-E2ED475B82D7}.Debug|x86.ActiveCfg = Debug|Any CPU
		{48E116EA-A543-4FFC-BDDF-E2ED475B82D7}.Debug|x86.Build.0 = Debug|Any CPU
		{48E116EA-A543-4FFC-BDDF-E2ED475B82D7}.Debug|ARM64.ActiveCfg = Debug|Any CPU
		{48E116EA-A543-4FFC-BDDF-E2ED475B82D7}.Debug|ARM64.Build.0 = Debug|Any CPU
		{48E116EA-A543-4FFC-BDDF-E2ED475B82D7}.Debug|Any CPU.ActiveCfg = Debug|Any CPU
		{48E116EA-A543-4FFC-BDDF-E2ED475B82D7}.Debug|Any CPU.Build.0 = Debug|Any CPU
		{48E116EA-A543-4FFC-BDDF-E2ED475B82D7}.Release|x64.ActiveCfg = Release|Any CPU
		{48E116EA-A543-4FFC-BDDF-E2ED475B82D7}.Release|x64.Build.0 = Release|Any CPU
		{48E116EA-A543-4FFC-BDDF-E2ED475B82D7}.Release|x86.ActiveCfg = Release|Any CPU
		{48E116EA-A543-4FFC-BDDF-E2ED475B82D7}.Release|x86.Build.0 = Release|Any CPU
		{48E116EA-A543-4FFC-BDDF-E2ED475B82D7}.Release|ARM64.ActiveCfg = Release|Any CPU
		{48E116EA-A543-4FFC-BDDF-E2ED475B82D7}.Release|ARM64.Build.0 = Release|Any CPU
		{48E116EA-A543-4FFC-BDDF-E2ED475B82D7}.Release|Any CPU.ActiveCfg = Release|Any CPU
		{48E116EA-A543-4FFC-BDDF-E2ED475B82D7}.Release|Any CPU.Build.0 = Release|Any CPU
		{29E22BEF-4C39-4B6C-8B4C-AD6F0E80C369}.Debug|x64.ActiveCfg = Debug|Any CPU
		{29E22BEF-4C39-4B6C-8B4C-AD6F0E80C369}.Debug|x64.Build.0 = Debug|Any CPU
		{29E22BEF-4C39-4B6C-8B4C-AD6F0E80C369}.Debug|x86.ActiveCfg = Debug|Any CPU
		{29E22BEF-4C39-4B6C-8B4C-AD6F0E80C369}.Debug|x86.Build.0 = Debug|Any CPU
		{29E22BEF-4C39-4B6C-8B4C-AD6F0E80C369}.Debug|ARM64.ActiveCfg = Debug|Any CPU
		{29E22BEF-4C39-4B6C-8B4C-AD6F0E80C369}.Debug|ARM64.Build.0 = Debug|Any CPU
		{29E22BEF-4C39-4B6C-8B4C-AD6F0E80C369}.Debug|Any CPU.ActiveCfg = Debug|Any CPU
		{29E22BEF-4C39-4B6C-8B4C-AD6F0E80C369}.Debug|Any CPU.Build.0 = Debug|Any CPU
		{29E22BEF-4C39-4B6C-8B4C-AD6F0E80C369}.Release|x64.ActiveCfg = Release|Any CPU
		{29E22BEF-4C39-4B6C-8B4C-AD6F0E80C369}.Release|x64.Build.0 = Release|Any CPU
		{29E22BEF-4C39-4B6C-8B4C-AD6F0E80C369}.Release|x86.ActiveCfg = Release|Any CPU
		{29E22BEF-4C39-4B6C-8B4C-AD6F0E80C369}.Release|x86.Build.0 = Release|Any CPU
		{29E22BEF-4C39-4B6C-8B4C-AD6F0E80C369}.Release|ARM64.ActiveCfg = Release|Any CPU
		{29E22BEF-4C39-4B6C-8B4C-AD6F0E80C369}.Release|ARM64.Build.0 = Release|Any CPU
		{29E22BEF-4C39-4B6C-8B4C-AD6F0E80C369}.Release|Any CPU.ActiveCfg = Release|Any CPU
		{29E22BEF-4C39-4B6C-8B4C-AD6F0E80C369}.Release|Any CPU.Build.0 = Release|Any CPU
		{3E52A1AD-51E4-4501-957D-53AFFBBB50BE}.Debug|x64.ActiveCfg = Debug|Any CPU
		{3E52A1AD-51E4-4501-957D-53AFFBBB50BE}.Debug|x64.Build.0 = Debug|Any CPU
		{3E52A1AD-51E4-4501-957D-53AFFBBB50BE}.Debug|x86.ActiveCfg = Debug|Any CPU
		{3E52A1AD-51E4-4501-957D-53AFFBBB50BE}.Debug|x86.Build.0 = Debug|Any CPU
		{3E52A1AD-51E4-4501-957D-53AFFBBB50BE}.Debug|ARM64.ActiveCfg = Debug|Any CPU
		{3E52A1AD-51E4-4501-957D-53AFFBBB50BE}.Debug|ARM64.Build.0 = Debug|Any CPU
		{3E52A1AD-51E4-4501-957D-53AFFBBB50BE}.Debug|Any CPU.ActiveCfg = Debug|Any CPU
		{3E52A1AD-51E4-4501-957D-53AFFBBB50BE}.Debug|Any CPU.Build.0 = Debug|Any CPU
		{3E52A1AD-51E4-4501-957D-53AFFBBB50BE}.Release|x64.ActiveCfg = Release|Any CPU
		{3E52A1AD-51E4-4501-957D-53AFFBBB50BE}.Release|x64.Build.0 = Release|Any CPU
		{3E52A1AD-51E4-4501-957D-53AFFBBB50BE}.Release|x86.ActiveCfg = Release|Any CPU
		{3E52A1AD-51E4-4501-957D-53AFFBBB50BE}.Release|x86.Build.0 = Release|Any CPU
		{3E52A1AD-51E4-4501-957D-53AFFBBB50BE}.Release|ARM64.ActiveCfg = Release|Any CPU
		{3E52A1AD-51E4-4501-957D-53AFFBBB50BE}.Release|ARM64.Build.0 = Release|Any CPU
		{3E52A1AD-51E4-4501-957D-53AFFBBB50BE}.Release|Any CPU.ActiveCfg = Release|Any CPU
		{3E52A1AD-51E4-4501-957D-53AFFBBB50BE}.Release|Any CPU.Build.0 = Release|Any CPU
		{0E8B21B5-BF33-46CF-843D-5613A242847B}.Debug|x64.ActiveCfg = Debug|Any CPU
		{0E8B21B5-BF33-46CF-843D-5613A242847B}.Debug|x64.Build.0 = Debug|Any CPU
		{0E8B21B5-BF33-46CF-843D-5613A242847B}.Debug|x86.ActiveCfg = Debug|Any CPU
		{0E8B21B5-BF33-46CF-843D-5613A242847B}.Debug|x86.Build.0 = Debug|Any CPU
		{0E8B21B5-BF33-46CF-843D-5613A242847B}.Debug|ARM64.ActiveCfg = Debug|Any CPU
		{0E8B21B5-BF33-46CF-843D-5613A242847B}.Debug|ARM64.Build.0 = Debug|Any CPU
		{0E8B21B5-BF33-46CF-843D-5613A242847B}.Debug|Any CPU.ActiveCfg = Debug|Any CPU
		{0E8B21B5-BF33-46CF-843D-5613A242847B}.Debug|Any CPU.Build.0 = Debug|Any CPU
		{0E8B21B5-BF33-46CF-843D-5613A242847B}.Release|x64.ActiveCfg = Release|Any CPU
		{0E8B21B5-BF33-46CF-843D-5613A242847B}.Release|x64.Build.0 = Release|Any CPU
		{0E8B21B5-BF33-46CF-843D-5613A242847B}.Release|x86.ActiveCfg = Release|Any CPU
		{0E8B21B5-BF33-46CF-843D-5613A242847B}.Release|x86.Build.0 = Release|Any CPU
		{0E8B21B5-BF33-46CF-843D-5613A242847B}.Release|ARM64.ActiveCfg = Release|Any CPU
		{0E8B21B5-BF33-46CF-843D-5613A242847B}.Release|ARM64.Build.0 = Release|Any CPU
		{0E8B21B5-BF33-46CF-843D-5613A242847B}.Release|Any CPU.ActiveCfg = Release|Any CPU
		{0E8B21B5-BF33-46CF-843D-5613A242847B}.Release|Any CPU.Build.0 = Release|Any CPU
		{3115A6D3-A003-4027-B3B3-9756DD1BF103}.Debug|x64.ActiveCfg = Debug|Any CPU
		{3115A6D3-A003-4027-B3B3-9756DD1BF103}.Debug|x64.Build.0 = Debug|Any CPU
		{3115A6D3-A003-4027-B3B3-9756DD1BF103}.Debug|x86.ActiveCfg = Debug|Any CPU
		{3115A6D3-A003-4027-B3B3-9756DD1BF103}.Debug|x86.Build.0 = Debug|Any CPU
		{3115A6D3-A003-4027-B3B3-9756DD1BF103}.Debug|ARM64.ActiveCfg = Debug|Any CPU
		{3115A6D3-A003-4027-B3B3-9756DD1BF103}.Debug|ARM64.Build.0 = Debug|Any CPU
		{3115A6D3-A003-4027-B3B3-9756DD1BF103}.Debug|Any CPU.ActiveCfg = Debug|Any CPU
		{3115A6D3-A003-4027-B3B3-9756DD1BF103}.Debug|Any CPU.Build.0 = Debug|Any CPU
		{3115A6D3-A003-4027-B3B3-9756DD1BF103}.Release|x64.ActiveCfg = Release|Any CPU
		{3115A6D3-A003-4027-B3B3-9756DD1BF103}.Release|x64.Build.0 = Release|Any CPU
		{3115A6D3-A003-4027-B3B3-9756DD1BF103}.Release|x86.ActiveCfg = Release|Any CPU
		{3115A6D3-A003-4027-B3B3-9756DD1BF103}.Release|x86.Build.0 = Release|Any CPU
		{3115A6D3-A003-4027-B3B3-9756DD1BF103}.Release|ARM64.ActiveCfg = Release|Any CPU
		{3115A6D3-A003-4027-B3B3-9756DD1BF103}.Release|ARM64.Build.0 = Release|Any CPU
		{3115A6D3-A003-4027-B3B3-9756DD1BF103}.Release|Any CPU.ActiveCfg = Release|Any CPU
		{3115A6D3-A003-4027-B3B3-9756DD1BF103}.Release|Any CPU.Build.0 = Release|Any CPU
		{E1782189-DEB4-4ED4-9280-7CF62222CFCE}.Debug|x64.ActiveCfg = Debug|Any CPU
		{E1782189-DEB4-4ED4-9280-7CF62222CFCE}.Debug|x64.Build.0 = Debug|Any CPU
		{E1782189-DEB4-4ED4-9280-7CF62222CFCE}.Debug|x86.ActiveCfg = Debug|Any CPU
		{E1782189-DEB4-4ED4-9280-7CF62222CFCE}.Debug|x86.Build.0 = Debug|Any CPU
		{E1782189-DEB4-4ED4-9280-7CF62222CFCE}.Debug|ARM64.ActiveCfg = Debug|Any CPU
		{E1782189-DEB4-4ED4-9280-7CF62222CFCE}.Debug|ARM64.Build.0 = Debug|Any CPU
		{E1782189-DEB4-4ED4-9280-7CF62222CFCE}.Debug|Any CPU.ActiveCfg = Debug|Any CPU
		{E1782189-DEB4-4ED4-9280-7CF62222CFCE}.Debug|Any CPU.Build.0 = Debug|Any CPU
		{E1782189-DEB4-4ED4-9280-7CF62222CFCE}.Release|x64.ActiveCfg = Release|Any CPU
		{E1782189-DEB4-4ED4-9280-7CF62222CFCE}.Release|x64.Build.0 = Release|Any CPU
		{E1782189-DEB4-4ED4-9280-7CF62222CFCE}.Release|x86.ActiveCfg = Release|Any CPU
		{E1782189-DEB4-4ED4-9280-7CF62222CFCE}.Release|x86.Build.0 = Release|Any CPU
		{E1782189-DEB4-4ED4-9280-7CF62222CFCE}.Release|ARM64.ActiveCfg = Release|Any CPU
		{E1782189-DEB4-4ED4-9280-7CF62222CFCE}.Release|ARM64.Build.0 = Release|Any CPU
		{E1782189-DEB4-4ED4-9280-7CF62222CFCE}.Release|Any CPU.ActiveCfg = Release|Any CPU
		{E1782189-DEB4-4ED4-9280-7CF62222CFCE}.Release|Any CPU.Build.0 = Release|Any CPU
		{A7BCF1E2-7CDE-4B0C-9E61-5E0A6D1F70B2}.Debug|x64.ActiveCfg = Debug|Any CPU
		{A7BCF1E2-7CDE-4B0C-9E61-5E0A6D1F70B2}.Debug|x64.Build.0 = Debug|Any CPU
		{A7BCF1E2-7CDE-4B0C-9E61-5E0A6D1F70B2}.Debug|x86.ActiveCfg = Debug|Any CPU
		{A7BCF1E2-7CDE-4B0C-9E61-5E0A6D1F70B2}.Debug|x86.Build.0 = Debug|Any CPU
		{A7BCF1E2-7CDE-4B0C-9E61-5E0A6D1F70B2}.Debug|ARM64.ActiveCfg = Debug|Any CPU
		{A7BCF1E2-7CDE-4B0C-9E61-5E0A6D1F70B2}.Debug|ARM64.Build.0 = Debug|Any CPU
		{A7BCF1E2-7CDE-4B0C-9E61-5E0A6D1F70B2}.Debug|Any CPU.ActiveCfg = Debug|Any CPU
		{A7BCF1E2-7CDE-4B0C-9E61-5E0A6D1F70B2}.Debug|Any CPU.Build.0 = Debug|Any CPU
		{A7BCF1E2-7CDE-4B0C-9E61-5E0A6D1F70B2}.Release|Any CPU.ActiveCfg = Release|Any CPU
		{A7BCF1E2-7CDE-4B0C-9E61-5E0A6D1F70B2}.Release|Any CPU.Build.0 = Release|Any CPU
		{D49609A6-8D96-4F42-A211-DF44E117D4D1}.Debug|x64.ActiveCfg = Debug|Any CPU
		{D49609A6-8D96-4F42-A211-DF44E117D4D1}.Debug|x64.Build.0 = Debug|Any CPU
		{D49609A6-8D96-4F42-A211-DF44E117D4D1}.Debug|x86.ActiveCfg = Debug|Any CPU
		{D49609A6-8D96-4F42-A211-DF44E117D4D1}.Debug|x86.Build.0 = Debug|Any CPU
		{D49609A6-8D96-4F42-A211-DF44E117D4D1}.Debug|ARM64.ActiveCfg = Debug|Any CPU
		{D49609A6-8D96-4F42-A211-DF44E117D4D1}.Debug|ARM64.Build.0 = Debug|Any CPU
		{D49609A6-8D96-4F42-A211-DF44E117D4D1}.Debug|Any CPU.ActiveCfg = Debug|Any CPU
		{D49609A6-8D96-4F42-A211-DF44E117D4D1}.Debug|Any CPU.Build.0 = Debug|Any CPU
		{D49609A6-8D96-4F42-A211-DF44E117D4D1}.Release|x64.ActiveCfg = Release|Any CPU
		{D49609A6-8D96-4F42-A211-DF44E117D4D1}.Release|x64.Build.0 = Release|Any CPU
		{D49609A6-8D96-4F42-A211-DF44E117D4D1}.Release|x86.ActiveCfg = Release|Any CPU
		{D49609A6-8D96-4F42-A211-DF44E117D4D1}.Release|x86.Build.0 = Release|Any CPU
		{D49609A6-8D96-4F42-A211-DF44E117D4D1}.Release|ARM64.ActiveCfg = Release|Any CPU
		{D49609A6-8D96-4F42-A211-DF44E117D4D1}.Release|ARM64.Build.0 = Release|Any CPU
		{D49609A6-8D96-4F42-A211-DF44E117D4D1}.Release|Any CPU.ActiveCfg = Release|Any CPU
		{D49609A6-8D96-4F42-A211-DF44E117D4D1}.Release|Any CPU.Build.0 = Release|Any CPU
	EndGlobalSection
	GlobalSection(SolutionProperties) = preSolution
		HideSolutionNode = FALSE
	EndGlobalSection
	GlobalSection(NestedProjects) = preSolution
		{A0BF3852-7E79-477E-8622-D5B6764ADBCA} = {0AB3BF05-4346-4AA6-1389-037BE0695223}
		{85ACCEAE-7CC8-427B-A216-638CF4328475} = {0AB3BF05-4346-4AA6-1389-037BE0695223}
		{6CBA1D39-5C1B-476D-8C3D-FB70F1D9D717} = {0AB3BF05-4346-4AA6-1389-037BE0695223}
		{FA0E1F6D-2997-49B6-B3A7-7F67D9CA215B} = {0AB3BF05-4346-4AA6-1389-037BE0695223}
		{56BFCD8F-7455-4DB5-958D-08441F2AC006} = {0AB3BF05-4346-4AA6-1389-037BE0695223}
		{48E116EA-A543-4FFC-BDDF-E2ED475B82D7} = {0AB3BF05-4346-4AA6-1389-037BE0695223}
		{29E22BEF-4C39-4B6C-8B4C-AD6F0E80C369} = {0AB3BF05-4346-4AA6-1389-037BE0695223}
		{3E52A1AD-51E4-4501-957D-53AFFBBB50BE} = {0AB3BF05-4346-4AA6-1389-037BE0695223}
		{0E8B21B5-BF33-46CF-843D-5613A242847B} = {0AB3BF05-4346-4AA6-1389-037BE0695223}
		{3115A6D3-A003-4027-B3B3-9756DD1BF103} = {0AB3BF05-4346-4AA6-1389-037BE0695223}
		{E1782189-DEB4-4ED4-9280-7CF62222CFCE} = {0AB3BF05-4346-4AA6-1389-037BE0695223}
		{A7BCF1E2-7CDE-4B0C-9E61-5E0A6D1F70B2} = {0AB3BF05-4346-4AA6-1389-037BE0695223}
		{D49609A6-8D96-4F42-A211-DF44E117D4D1} = {0AB3BF05-4346-4AA6-1389-037BE0695223}
		{4D7B9F2A-8E5C-4A4C-A4FC-23B2F5A8E9C7} = {0AB3BF05-4346-4AA6-1389-037BE0695223}
	EndGlobalSection
	GlobalSection(ExtensibilityGlobals) = postSolution
		SolutionGuid = {0D9F1E3A-2C7B-4A56-9E8D-7F1A4B6C2D90}
	EndGlobalSection
EndGlobal
